
Microsoft Visual Studio Solution File, Format Version 12.00
# Visual Studio Version 16
VisualStudioVersion = 16.0.29326.143
MinimumVisualStudioVersion = 10.0.40219.1
Project("{FAE04EC0-301F-11D3-BF4B-00C04F79EFBC}") = "DemoWeb", "DemoWeb\DemoWeb.csproj", "{A3146D2B-3F84-4A95-A066-B1DDB3DBAC8E}"
EndProject
Project("{FAE04EC0-301F-11D3-BF4B-00C04F79EFBC}") = "DemoConsole", "D:\class\CSharpMovies\Session8\Session8\Session8\Part6\DemoConsole.csproj", "{D675790B-E099-4D9C-AB4D-E77C2CA5E34A}"
EndProject
Project("{FAE04EC0-301F-11D3-BF4B-00C04F79EFBC}") = "ConsoleDemo", "ConsoleDemo\ConsoleDemo.csproj", "{B268A533-022A-4D4D-BA3F-CE8F7109B32D}"
EndProject
Global
	GlobalSection(SolutionConfigurationPlatforms) = preSolution
		Debug|Any CPU = Debug|Any CPU
		Release|Any CPU = Release|Any CPU
	EndGlobalSection
	GlobalSection(ProjectConfigurationPlatforms) = postSolution
		{A3146D2B-3F84-4A95-A066-B1DDB3DBAC8E}.Debug|Any CPU.ActiveCfg = Debug|Any CPU
		{A3146D2B-3F84-4A95-A066-B1DDB3DBAC8E}.Debug|Any CPU.Build.0 = Debug|Any CPU
		{A3146D2B-3F84-4A95-A066-B1DDB3DBAC8E}.Release|Any CPU.ActiveCfg = Release|Any CPU
		{A3146D2B-3F84-4A95-A066-B1DDB3DBAC8E}.Release|Any CPU.Build.0 = Release|Any CPU
		{D675790B-E099-4D9C-AB4D-E77C2CA5E34A}.Debug|Any CPU.ActiveCfg = Debug|Any CPU
		{D675790B-E099-4D9C-AB4D-E77C2CA5E34A}.Debug|Any CPU.Build.0 = Debug|Any CPU
		{D675790B-E099-4D9C-AB4D-E77C2CA5E34A}.Release|Any CPU.ActiveCfg = Release|Any CPU
		{D675790B-E099-4D9C-AB4D-E77C2CA5E34A}.Release|Any CPU.Build.0 = Release|Any CPU
		{B268A533-022A-4D4D-BA3F-CE8F7109B32D}.Debug|Any CPU.ActiveCfg = Debug|Any CPU
		{B268A533-022A-4D4D-BA3F-CE8F7109B32D}.Debug|Any CPU.Build.0 = Debug|Any CPU
		{B268A533-022A-4D4D-BA3F-CE8F7109B32D}.Release|Any CPU.ActiveCfg = Release|Any CPU
		{B268A533-022A-4D4D-BA3F-CE8F7109B32D}.Release|Any CPU.Build.0 = Release|Any CPU
	EndGlobalSection
	GlobalSection(SolutionProperties) = preSolution
		HideSolutionNode = FALSE
	EndGlobalSection
	GlobalSection(ExtensibilityGlobals) = postSolution
		SolutionGuid = {30D5303F-AB72-44BF-8A8A-14539A451686}
	EndGlobalSection
EndGlobal
